// !$*UTF8*$!
{
	archiveVersion = 1;
	classes = {
	};
	objectVersion = 50;
	objects = {

/* Begin PBXBuildFile section */
		2459BD3EE943441991074E1B /* Pods_kcalTests.framework in Frameworks */ = {isa = PBXBuildFile; fileRef = 88154DFF6AF331D4E3E4C784 /* Pods_kcalTests.framework */; };
		4A2BE971475FCEBB13AE8E47 /* Pods_kcal_kcalUITests.framework in Frameworks */ = {isa = PBXBuildFile; fileRef = 768BCA14689741EB0BCFBAD5 /* Pods_kcal_kcalUITests.framework */; };
		611410E9265D2DAD00C0E3D5 /* Recipe.swift in Sources */ = {isa = PBXBuildFile; fileRef = 611410E8265D2DAD00C0E3D5 /* Recipe.swift */; };
		61E5515F265BC882006CD65E /* kcalApp.swift in Sources */ = {isa = PBXBuildFile; fileRef = 61E5515E265BC882006CD65E /* kcalApp.swift */; };
		61E55161265BC882006CD65E /* SplashView.swift in Sources */ = {isa = PBXBuildFile; fileRef = 61E55160265BC882006CD65E /* SplashView.swift */; };
		61E55163265BC883006CD65E /* Assets.xcassets in Resources */ = {isa = PBXBuildFile; fileRef = 61E55162265BC883006CD65E /* Assets.xcassets */; };
		61E55166265BC883006CD65E /* Preview Assets.xcassets in Resources */ = {isa = PBXBuildFile; fileRef = 61E55165265BC883006CD65E /* Preview Assets.xcassets */; };
		61E55171265BC883006CD65E /* kcalTests.swift in Sources */ = {isa = PBXBuildFile; fileRef = 61E55170265BC883006CD65E /* kcalTests.swift */; };
		61E5517C265BC883006CD65E /* kcalUITests.swift in Sources */ = {isa = PBXBuildFile; fileRef = 61E5517B265BC883006CD65E /* kcalUITests.swift */; };
		61E55199265BCFC2006CD65E /* Nunito-Regular.ttf in Resources */ = {isa = PBXBuildFile; fileRef = 61E55198265BCFC2006CD65E /* Nunito-Regular.ttf */; };
		61E5519B265BCFD0006CD65E /* Nunito-Bold.ttf in Resources */ = {isa = PBXBuildFile; fileRef = 61E5519A265BCFD0006CD65E /* Nunito-Bold.ttf */; };
		61E5519E265BD080006CD65E /* OnboardingView.swift in Sources */ = {isa = PBXBuildFile; fileRef = 61E5519D265BD080006CD65E /* OnboardingView.swift */; };
		61E551A1265BEF96006CD65E /* HomeView.swift in Sources */ = {isa = PBXBuildFile; fileRef = 61E551A0265BEF96006CD65E /* HomeView.swift */; };
		61E551A4265BF1B5006CD65E /* HomePageView.swift in Sources */ = {isa = PBXBuildFile; fileRef = 61E551A3265BF1B5006CD65E /* HomePageView.swift */; };
		61E551A6265BFB74006CD65E /* SearchPageView.swift in Sources */ = {isa = PBXBuildFile; fileRef = 61E551A5265BFB74006CD65E /* SearchPageView.swift */; };
		61E551A8265BFB83006CD65E /* FavoritePageView.swift in Sources */ = {isa = PBXBuildFile; fileRef = 61E551A7265BFB83006CD65E /* FavoritePageView.swift */; };
		61E551AA265BFB95006CD65E /* ProfileViewPage.swift in Sources */ = {isa = PBXBuildFile; fileRef = 61E551A9265BFB95006CD65E /* ProfileViewPage.swift */; };
		997FE5E54FFCE65304828557 /* Pods_kcal.framework in Frameworks */ = {isa = PBXBuildFile; fileRef = 5AE243E22E6042730CC5E2B5 /* Pods_kcal.framework */; };
/* End PBXBuildFile section */

/* Begin PBXContainerItemProxy section */
		61E5516D265BC883006CD65E /* PBXContainerItemProxy */ = {
			isa = PBXContainerItemProxy;
			containerPortal = 61E55153265BC882006CD65E /* Project object */;
			proxyType = 1;
			remoteGlobalIDString = 61E5515A265BC882006CD65E;
			remoteInfo = kcal;
		};
		61E55178265BC883006CD65E /* PBXContainerItemProxy */ = {
			isa = PBXContainerItemProxy;
			containerPortal = 61E55153265BC882006CD65E /* Project object */;
			proxyType = 1;
			remoteGlobalIDString = 61E5515A265BC882006CD65E;
			remoteInfo = kcal;
		};
/* End PBXContainerItemProxy section */

/* Begin PBXFileReference section */
		29D2832918AA864614B40697 /* Pods-kcalTests.release.xcconfig */ = {isa = PBXFileReference; includeInIndex = 1; lastKnownFileType = text.xcconfig; name = "Pods-kcalTests.release.xcconfig"; path = "Target Support Files/Pods-kcalTests/Pods-kcalTests.release.xcconfig"; sourceTree = "<group>"; };
		3FB305295869EEC0508AF7AF /* Pods-kcal-kcalUITests.debug.xcconfig */ = {isa = PBXFileReference; includeInIndex = 1; lastKnownFileType = text.xcconfig; name = "Pods-kcal-kcalUITests.debug.xcconfig"; path = "Target Support Files/Pods-kcal-kcalUITests/Pods-kcal-kcalUITests.debug.xcconfig"; sourceTree = "<group>"; };
		4698A617E9932FE284A654D5 /* Pods-kcal.debug.xcconfig */ = {isa = PBXFileReference; includeInIndex = 1; lastKnownFileType = text.xcconfig; name = "Pods-kcal.debug.xcconfig"; path = "Target Support Files/Pods-kcal/Pods-kcal.debug.xcconfig"; sourceTree = "<group>"; };
		5AE243E22E6042730CC5E2B5 /* Pods_kcal.framework */ = {isa = PBXFileReference; explicitFileType = wrapper.framework; includeInIndex = 0; path = Pods_kcal.framework; sourceTree = BUILT_PRODUCTS_DIR; };
		611410E8265D2DAD00C0E3D5 /* Recipe.swift */ = {isa = PBXFileReference; lastKnownFileType = sourcecode.swift; path = Recipe.swift; sourceTree = "<group>"; };
		61E5515B265BC882006CD65E /* kcal.app */ = {isa = PBXFileReference; explicitFileType = wrapper.application; includeInIndex = 0; path = kcal.app; sourceTree = BUILT_PRODUCTS_DIR; };
		61E5515E265BC882006CD65E /* kcalApp.swift */ = {isa = PBXFileReference; lastKnownFileType = sourcecode.swift; path = kcalApp.swift; sourceTree = "<group>"; };
		61E55160265BC882006CD65E /* SplashView.swift */ = {isa = PBXFileReference; lastKnownFileType = sourcecode.swift; path = SplashView.swift; sourceTree = "<group>"; };
		61E55162265BC883006CD65E /* Assets.xcassets */ = {isa = PBXFileReference; lastKnownFileType = folder.assetcatalog; path = Assets.xcassets; sourceTree = "<group>"; };
		61E55165265BC883006CD65E /* Preview Assets.xcassets */ = {isa = PBXFileReference; lastKnownFileType = folder.assetcatalog; path = "Preview Assets.xcassets"; sourceTree = "<group>"; };
		61E55167265BC883006CD65E /* Info.plist */ = {isa = PBXFileReference; lastKnownFileType = text.plist.xml; path = Info.plist; sourceTree = "<group>"; };
		61E5516C265BC883006CD65E /* kcalTests.xctest */ = {isa = PBXFileReference; explicitFileType = wrapper.cfbundle; includeInIndex = 0; path = kcalTests.xctest; sourceTree = BUILT_PRODUCTS_DIR; };
		61E55170265BC883006CD65E /* kcalTests.swift */ = {isa = PBXFileReference; lastKnownFileType = sourcecode.swift; path = kcalTests.swift; sourceTree = "<group>"; };
		61E55172265BC883006CD65E /* Info.plist */ = {isa = PBXFileReference; lastKnownFileType = text.plist.xml; path = Info.plist; sourceTree = "<group>"; };
		61E55177265BC883006CD65E /* kcalUITests.xctest */ = {isa = PBXFileReference; explicitFileType = wrapper.cfbundle; includeInIndex = 0; path = kcalUITests.xctest; sourceTree = BUILT_PRODUCTS_DIR; };
		61E5517B265BC883006CD65E /* kcalUITests.swift */ = {isa = PBXFileReference; lastKnownFileType = sourcecode.swift; path = kcalUITests.swift; sourceTree = "<group>"; };
		61E5517D265BC883006CD65E /* Info.plist */ = {isa = PBXFileReference; lastKnownFileType = text.plist.xml; path = Info.plist; sourceTree = "<group>"; };
		61E55198265BCFC2006CD65E /* Nunito-Regular.ttf */ = {isa = PBXFileReference; lastKnownFileType = file; path = "Nunito-Regular.ttf"; sourceTree = "<group>"; };
		61E5519A265BCFD0006CD65E /* Nunito-Bold.ttf */ = {isa = PBXFileReference; lastKnownFileType = file; path = "Nunito-Bold.ttf"; sourceTree = "<group>"; };
		61E5519D265BD080006CD65E /* OnboardingView.swift */ = {isa = PBXFileReference; lastKnownFileType = sourcecode.swift; path = OnboardingView.swift; sourceTree = "<group>"; };
		61E551A0265BEF96006CD65E /* HomeView.swift */ = {isa = PBXFileReference; lastKnownFileType = sourcecode.swift; path = HomeView.swift; sourceTree = "<group>"; };
		61E551A3265BF1B5006CD65E /* HomePageView.swift */ = {isa = PBXFileReference; lastKnownFileType = sourcecode.swift; path = HomePageView.swift; sourceTree = "<group>"; };
		61E551A5265BFB74006CD65E /* SearchPageView.swift */ = {isa = PBXFileReference; lastKnownFileType = sourcecode.swift; path = SearchPageView.swift; sourceTree = "<group>"; };
		61E551A7265BFB83006CD65E /* FavoritePageView.swift */ = {isa = PBXFileReference; lastKnownFileType = sourcecode.swift; path = FavoritePageView.swift; sourceTree = "<group>"; };
		61E551A9265BFB95006CD65E /* ProfileViewPage.swift */ = {isa = PBXFileReference; lastKnownFileType = sourcecode.swift; path = ProfileViewPage.swift; sourceTree = "<group>"; };
		7169007A1F371264396D9CBC /* Pods-kcal.release.xcconfig */ = {isa = PBXFileReference; includeInIndex = 1; lastKnownFileType = text.xcconfig; name = "Pods-kcal.release.xcconfig"; path = "Target Support Files/Pods-kcal/Pods-kcal.release.xcconfig"; sourceTree = "<group>"; };
		768BCA14689741EB0BCFBAD5 /* Pods_kcal_kcalUITests.framework */ = {isa = PBXFileReference; explicitFileType = wrapper.framework; includeInIndex = 0; path = Pods_kcal_kcalUITests.framework; sourceTree = BUILT_PRODUCTS_DIR; };
		88154DFF6AF331D4E3E4C784 /* Pods_kcalTests.framework */ = {isa = PBXFileReference; explicitFileType = wrapper.framework; includeInIndex = 0; path = Pods_kcalTests.framework; sourceTree = BUILT_PRODUCTS_DIR; };
		8AB2AD8F1CF3F31AF1F5032C /* Pods-kcal-kcalUITests.release.xcconfig */ = {isa = PBXFileReference; includeInIndex = 1; lastKnownFileType = text.xcconfig; name = "Pods-kcal-kcalUITests.release.xcconfig"; path = "Target Support Files/Pods-kcal-kcalUITests/Pods-kcal-kcalUITests.release.xcconfig"; sourceTree = "<group>"; };
		92166620C577EBED85EAC191 /* Pods-kcalTests.debug.xcconfig */ = {isa = PBXFileReference; includeInIndex = 1; lastKnownFileType = text.xcconfig; name = "Pods-kcalTests.debug.xcconfig"; path = "Target Support Files/Pods-kcalTests/Pods-kcalTests.debug.xcconfig"; sourceTree = "<group>"; };
/* End PBXFileReference section */

/* Begin PBXFrameworksBuildPhase section */
		61E55158265BC882006CD65E /* Frameworks */ = {
			isa = PBXFrameworksBuildPhase;
			buildActionMask = 2147483647;
			files = (
				997FE5E54FFCE65304828557 /* Pods_kcal.framework in Frameworks */,
			);
			runOnlyForDeploymentPostprocessing = 0;
		};
		61E55169265BC883006CD65E /* Frameworks */ = {
			isa = PBXFrameworksBuildPhase;
			buildActionMask = 2147483647;
			files = (
				2459BD3EE943441991074E1B /* Pods_kcalTests.framework in Frameworks */,
			);
			runOnlyForDeploymentPostprocessing = 0;
		};
		61E55174265BC883006CD65E /* Frameworks */ = {
			isa = PBXFrameworksBuildPhase;
			buildActionMask = 2147483647;
			files = (
				4A2BE971475FCEBB13AE8E47 /* Pods_kcal_kcalUITests.framework in Frameworks */,
			);
			runOnlyForDeploymentPostprocessing = 0;
		};
/* End PBXFrameworksBuildPhase section */

/* Begin PBXGroup section */
		611410E6265D2D7700C0E3D5 /* Data */ = {
			isa = PBXGroup;
			children = (
				611410E7265D2D9500C0E3D5 /* Models */,
			);
			path = Data;
			sourceTree = "<group>";
		};
		611410E7265D2D9500C0E3D5 /* Models */ = {
			isa = PBXGroup;
			children = (
				611410E8265D2DAD00C0E3D5 /* Recipe.swift */,
			);
			path = Models;
			sourceTree = "<group>";
		};
		61E55152265BC882006CD65E = {
			isa = PBXGroup;
			children = (
				61E5515D265BC882006CD65E /* kcal */,
				61E5516F265BC883006CD65E /* kcalTests */,
				61E5517A265BC883006CD65E /* kcalUITests */,
				61E5515C265BC882006CD65E /* Products */,
				871934EA63D86CBE059190D3 /* Pods */,
				B49A56C1A8C190FB217018FB /* Frameworks */,
			);
			sourceTree = "<group>";
		};
		61E5515C265BC882006CD65E /* Products */ = {
			isa = PBXGroup;
			children = (
				61E5515B265BC882006CD65E /* kcal.app */,
				61E5516C265BC883006CD65E /* kcalTests.xctest */,
				61E55177265BC883006CD65E /* kcalUITests.xctest */,
			);
			name = Products;
			sourceTree = "<group>";
		};
		61E5515D265BC882006CD65E /* kcal */ = {
			isa = PBXGroup;
			children = (
				611410E6265D2D7700C0E3D5 /* Data */,
				61E55197265BCF9E006CD65E /* Fonts */,
				61E55193265BCD7F006CD65E /* UI */,
				61E5515E265BC882006CD65E /* kcalApp.swift */,
				61E55162265BC883006CD65E /* Assets.xcassets */,
				61E55167265BC883006CD65E /* Info.plist */,
				61E55164265BC883006CD65E /* Preview Content */,
			);
			path = kcal;
			sourceTree = "<group>";
		};
		61E55164265BC883006CD65E /* Preview Content */ = {
			isa = PBXGroup;
			children = (
				61E55165265BC883006CD65E /* Preview Assets.xcassets */,
			);
			path = "Preview Content";
			sourceTree = "<group>";
		};
		61E5516F265BC883006CD65E /* kcalTests */ = {
			isa = PBXGroup;
			children = (
				61E55170265BC883006CD65E /* kcalTests.swift */,
				61E55172265BC883006CD65E /* Info.plist */,
			);
			path = kcalTests;
			sourceTree = "<group>";
		};
		61E5517A265BC883006CD65E /* kcalUITests */ = {
			isa = PBXGroup;
			children = (
				61E5517B265BC883006CD65E /* kcalUITests.swift */,
				61E5517D265BC883006CD65E /* Info.plist */,
			);
			path = kcalUITests;
			sourceTree = "<group>";
		};
		61E55193265BCD7F006CD65E /* UI */ = {
			isa = PBXGroup;
			children = (
				61E5519F265BEF6A006CD65E /* Home */,
				61E5519C265BD064006CD65E /* Onboarding */,
				61E55194265BCD85006CD65E /* Splashscreen */,
			);
			path = UI;
			sourceTree = "<group>";
		};
		61E55194265BCD85006CD65E /* Splashscreen */ = {
			isa = PBXGroup;
			children = (
				61E55160265BC882006CD65E /* SplashView.swift */,
			);
			path = Splashscreen;
			sourceTree = "<group>";
		};
		61E55197265BCF9E006CD65E /* Fonts */ = {
			isa = PBXGroup;
			children = (
				61E5519A265BCFD0006CD65E /* Nunito-Bold.ttf */,
				61E55198265BCFC2006CD65E /* Nunito-Regular.ttf */,
			);
			path = Fonts;
			sourceTree = "<group>";
		};
		61E5519C265BD064006CD65E /* Onboarding */ = {
			isa = PBXGroup;
			children = (
				61E5519D265BD080006CD65E /* OnboardingView.swift */,
			);
			path = Onboarding;
			sourceTree = "<group>";
		};
		61E5519F265BEF6A006CD65E /* Home */ = {
			isa = PBXGroup;
			children = (
				61E551A2265BF1A2006CD65E /* Pages */,
				61E551A0265BEF96006CD65E /* HomeView.swift */,
			);
			path = Home;
			sourceTree = "<group>";
		};
		61E551A2265BF1A2006CD65E /* Pages */ = {
			isa = PBXGroup;
			children = (
				61E551A3265BF1B5006CD65E /* HomePageView.swift */,
				61E551A5265BFB74006CD65E /* SearchPageView.swift */,
				61E551A7265BFB83006CD65E /* FavoritePageView.swift */,
				61E551A9265BFB95006CD65E /* ProfileViewPage.swift */,
			);
			path = Pages;
			sourceTree = "<group>";
		};
		871934EA63D86CBE059190D3 /* Pods */ = {
			isa = PBXGroup;
			children = (
				4698A617E9932FE284A654D5 /* Pods-kcal.debug.xcconfig */,
				7169007A1F371264396D9CBC /* Pods-kcal.release.xcconfig */,
				3FB305295869EEC0508AF7AF /* Pods-kcal-kcalUITests.debug.xcconfig */,
				8AB2AD8F1CF3F31AF1F5032C /* Pods-kcal-kcalUITests.release.xcconfig */,
				92166620C577EBED85EAC191 /* Pods-kcalTests.debug.xcconfig */,
				29D2832918AA864614B40697 /* Pods-kcalTests.release.xcconfig */,
			);
			path = Pods;
			sourceTree = "<group>";
		};
		B49A56C1A8C190FB217018FB /* Frameworks */ = {
			isa = PBXGroup;
			children = (
				5AE243E22E6042730CC5E2B5 /* Pods_kcal.framework */,
				768BCA14689741EB0BCFBAD5 /* Pods_kcal_kcalUITests.framework */,
				88154DFF6AF331D4E3E4C784 /* Pods_kcalTests.framework */,
			);
			name = Frameworks;
			sourceTree = "<group>";
		};
/* End PBXGroup section */

/* Begin PBXNativeTarget section */
		61E5515A265BC882006CD65E /* kcal */ = {
			isa = PBXNativeTarget;
			buildConfigurationList = 61E55180265BC883006CD65E /* Build configuration list for PBXNativeTarget "kcal" */;
			buildPhases = (
				5F5245AE2A5D314F2714E855 /* [CP] Check Pods Manifest.lock */,
				61E55157265BC882006CD65E /* Sources */,
				61E55158265BC882006CD65E /* Frameworks */,
				61E55159265BC882006CD65E /* Resources */,
			);
			buildRules = (
			);
			dependencies = (
			);
			name = kcal;
			productName = kcal;
			productReference = 61E5515B265BC882006CD65E /* kcal.app */;
			productType = "com.apple.product-type.application";
		};
		61E5516B265BC883006CD65E /* kcalTests */ = {
			isa = PBXNativeTarget;
			buildConfigurationList = 61E55183265BC883006CD65E /* Build configuration list for PBXNativeTarget "kcalTests" */;
			buildPhases = (
				5990AFC783C481553E72A5E6 /* [CP] Check Pods Manifest.lock */,
				61E55168265BC883006CD65E /* Sources */,
				61E55169265BC883006CD65E /* Frameworks */,
				61E5516A265BC883006CD65E /* Resources */,
			);
			buildRules = (
			);
			dependencies = (
				61E5516E265BC883006CD65E /* PBXTargetDependency */,
			);
			name = kcalTests;
			productName = kcalTests;
			productReference = 61E5516C265BC883006CD65E /* kcalTests.xctest */;
			productType = "com.apple.product-type.bundle.unit-test";
		};
		61E55176265BC883006CD65E /* kcalUITests */ = {
			isa = PBXNativeTarget;
			buildConfigurationList = 61E55186265BC883006CD65E /* Build configuration list for PBXNativeTarget "kcalUITests" */;
			buildPhases = (
				DF2026077C74A786390572DB /* [CP] Check Pods Manifest.lock */,
				61E55173265BC883006CD65E /* Sources */,
				61E55174265BC883006CD65E /* Frameworks */,
				61E55175265BC883006CD65E /* Resources */,
			);
			buildRules = (
			);
			dependencies = (
				61E55179265BC883006CD65E /* PBXTargetDependency */,
			);
			name = kcalUITests;
			productName = kcalUITests;
			productReference = 61E55177265BC883006CD65E /* kcalUITests.xctest */;
			productType = "com.apple.product-type.bundle.ui-testing";
		};
/* End PBXNativeTarget section */

/* Begin PBXProject section */
		61E55153265BC882006CD65E /* Project object */ = {
			isa = PBXProject;
			attributes = {
				LastSwiftUpdateCheck = 1250;
				LastUpgradeCheck = 1250;
				TargetAttributes = {
					61E5515A265BC882006CD65E = {
						CreatedOnToolsVersion = 12.5;
					};
					61E5516B265BC883006CD65E = {
						CreatedOnToolsVersion = 12.5;
						TestTargetID = 61E5515A265BC882006CD65E;
					};
					61E55176265BC883006CD65E = {
						CreatedOnToolsVersion = 12.5;
						TestTargetID = 61E5515A265BC882006CD65E;
					};
				};
			};
			buildConfigurationList = 61E55156265BC882006CD65E /* Build configuration list for PBXProject "kcal" */;
			compatibilityVersion = "Xcode 9.3";
			developmentRegion = en;
			hasScannedForEncodings = 0;
			knownRegions = (
				en,
				Base,
			);
			mainGroup = 61E55152265BC882006CD65E;
			productRefGroup = 61E5515C265BC882006CD65E /* Products */;
			projectDirPath = "";
			projectRoot = "";
			targets = (
				61E5515A265BC882006CD65E /* kcal */,
				61E5516B265BC883006CD65E /* kcalTests */,
				61E55176265BC883006CD65E /* kcalUITests */,
			);
		};
/* End PBXProject section */

/* Begin PBXResourcesBuildPhase section */
		61E55159265BC882006CD65E /* Resources */ = {
			isa = PBXResourcesBuildPhase;
			buildActionMask = 2147483647;
			files = (
				61E55199265BCFC2006CD65E /* Nunito-Regular.ttf in Resources */,
				61E55166265BC883006CD65E /* Preview Assets.xcassets in Resources */,
				61E5519B265BCFD0006CD65E /* Nunito-Bold.ttf in Resources */,
				61E55163265BC883006CD65E /* Assets.xcassets in Resources */,
			);
			runOnlyForDeploymentPostprocessing = 0;
		};
		61E5516A265BC883006CD65E /* Resources */ = {
			isa = PBXResourcesBuildPhase;
			buildActionMask = 2147483647;
			files = (
			);
			runOnlyForDeploymentPostprocessing = 0;
		};
		61E55175265BC883006CD65E /* Resources */ = {
			isa = PBXResourcesBuildPhase;
			buildActionMask = 2147483647;
			files = (
			);
			runOnlyForDeploymentPostprocessing = 0;
		};
/* End PBXResourcesBuildPhase section */

/* Begin PBXShellScriptBuildPhase section */
		5990AFC783C481553E72A5E6 /* [CP] Check Pods Manifest.lock */ = {
			isa = PBXShellScriptBuildPhase;
			buildActionMask = 2147483647;
			files = (
			);
			inputFileListPaths = (
			);
			inputPaths = (
				"${PODS_PODFILE_DIR_PATH}/Podfile.lock",
				"${PODS_ROOT}/Manifest.lock",
			);
			name = "[CP] Check Pods Manifest.lock";
			outputFileListPaths = (
			);
			outputPaths = (
				"$(DERIVED_FILE_DIR)/Pods-kcalTests-checkManifestLockResult.txt",
			);
			runOnlyForDeploymentPostprocessing = 0;
			shellPath = /bin/sh;
			shellScript = "diff \"${PODS_PODFILE_DIR_PATH}/Podfile.lock\" \"${PODS_ROOT}/Manifest.lock\" > /dev/null\nif [ $? != 0 ] ; then\n    # print error to STDERR\n    echo \"error: The sandbox is not in sync with the Podfile.lock. Run 'pod install' or update your CocoaPods installation.\" >&2\n    exit 1\nfi\n# This output is used by Xcode 'outputs' to avoid re-running this script phase.\necho \"SUCCESS\" > \"${SCRIPT_OUTPUT_FILE_0}\"\n";
			showEnvVarsInLog = 0;
		};
		5F5245AE2A5D314F2714E855 /* [CP] Check Pods Manifest.lock */ = {
			isa = PBXShellScriptBuildPhase;
			buildActionMask = 2147483647;
			files = (
			);
			inputFileListPaths = (
			);
			inputPaths = (
				"${PODS_PODFILE_DIR_PATH}/Podfile.lock",
				"${PODS_ROOT}/Manifest.lock",
			);
			name = "[CP] Check Pods Manifest.lock";
			outputFileListPaths = (
			);
			outputPaths = (
				"$(DERIVED_FILE_DIR)/Pods-kcal-checkManifestLockResult.txt",
			);
			runOnlyForDeploymentPostprocessing = 0;
			shellPath = /bin/sh;
			shellScript = "diff \"${PODS_PODFILE_DIR_PATH}/Podfile.lock\" \"${PODS_ROOT}/Manifest.lock\" > /dev/null\nif [ $? != 0 ] ; then\n    # print error to STDERR\n    echo \"error: The sandbox is not in sync with the Podfile.lock. Run 'pod install' or update your CocoaPods installation.\" >&2\n    exit 1\nfi\n# This output is used by Xcode 'outputs' to avoid re-running this script phase.\necho \"SUCCESS\" > \"${SCRIPT_OUTPUT_FILE_0}\"\n";
			showEnvVarsInLog = 0;
		};
		DF2026077C74A786390572DB /* [CP] Check Pods Manifest.lock */ = {
			isa = PBXShellScriptBuildPhase;
			buildActionMask = 2147483647;
			files = (
			);
			inputFileListPaths = (
			);
			inputPaths = (
				"${PODS_PODFILE_DIR_PATH}/Podfile.lock",
				"${PODS_ROOT}/Manifest.lock",
			);
			name = "[CP] Check Pods Manifest.lock";
			outputFileListPaths = (
			);
			outputPaths = (
				"$(DERIVED_FILE_DIR)/Pods-kcal-kcalUITests-checkManifestLockResult.txt",
			);
			runOnlyForDeploymentPostprocessing = 0;
			shellPath = /bin/sh;
			shellScript = "diff \"${PODS_PODFILE_DIR_PATH}/Podfile.lock\" \"${PODS_ROOT}/Manifest.lock\" > /dev/null\nif [ $? != 0 ] ; then\n    # print error to STDERR\n    echo \"error: The sandbox is not in sync with the Podfile.lock. Run 'pod install' or update your CocoaPods installation.\" >&2\n    exit 1\nfi\n# This output is used by Xcode 'outputs' to avoid re-running this script phase.\necho \"SUCCESS\" > \"${SCRIPT_OUTPUT_FILE_0}\"\n";
			showEnvVarsInLog = 0;
		};
/* End PBXShellScriptBuildPhase section */

/* Begin PBXSourcesBuildPhase section */
		61E55157265BC882006CD65E /* Sources */ = {
			isa = PBXSourcesBuildPhase;
			buildActionMask = 2147483647;
			files = (
				61E551A8265BFB83006CD65E /* FavoritePageView.swift in Sources */,
				61E551AA265BFB95006CD65E /* ProfileViewPage.swift in Sources */,
				61E551A4265BF1B5006CD65E /* HomePageView.swift in Sources */,
				61E551A6265BFB74006CD65E /* SearchPageView.swift in Sources */,
				61E5519E265BD080006CD65E /* OnboardingView.swift in Sources */,
				61E551A1265BEF96006CD65E /* HomeView.swift in Sources */,
				611410E9265D2DAD00C0E3D5 /* Recipe.swift in Sources */,
				61E55161265BC882006CD65E /* SplashView.swift in Sources */,
				61E5515F265BC882006CD65E /* kcalApp.swift in Sources */,
			);
			runOnlyForDeploymentPostprocessing = 0;
		};
		61E55168265BC883006CD65E /* Sources */ = {
			isa = PBXSourcesBuildPhase;
			buildActionMask = 2147483647;
			files = (
				61E55171265BC883006CD65E /* kcalTests.swift in Sources */,
			);
			runOnlyForDeploymentPostprocessing = 0;
		};
		61E55173265BC883006CD65E /* Sources */ = {
			isa = PBXSourcesBuildPhase;
			buildActionMask = 2147483647;
			files = (
				61E5517C265BC883006CD65E /* kcalUITests.swift in Sources */,
			);
			runOnlyForDeploymentPostprocessing = 0;
		};
/* End PBXSourcesBuildPhase section */

/* Begin PBXTargetDependency section */
		61E5516E265BC883006CD65E /* PBXTargetDependency */ = {
			isa = PBXTargetDependency;
			target = 61E5515A265BC882006CD65E /* kcal */;
			targetProxy = 61E5516D265BC883006CD65E /* PBXContainerItemProxy */;
		};
		61E55179265BC883006CD65E /* PBXTargetDependency */ = {
			isa = PBXTargetDependency;
			target = 61E5515A265BC882006CD65E /* kcal */;
			targetProxy = 61E55178265BC883006CD65E /* PBXContainerItemProxy */;
		};
/* End PBXTargetDependency section */

/* Begin XCBuildConfiguration section */
		61E5517E265BC883006CD65E /* Debug */ = {
			isa = XCBuildConfiguration;
			buildSettings = {
				ALWAYS_SEARCH_USER_PATHS = NO;
				CLANG_ANALYZER_NONNULL = YES;
				CLANG_ANALYZER_NUMBER_OBJECT_CONVERSION = YES_AGGRESSIVE;
				CLANG_CXX_LANGUAGE_STANDARD = "gnu++14";
				CLANG_CXX_LIBRARY = "libc++";
				CLANG_ENABLE_MODULES = YES;
				CLANG_ENABLE_OBJC_ARC = YES;
				CLANG_ENABLE_OBJC_WEAK = YES;
				CLANG_WARN_BLOCK_CAPTURE_AUTORELEASING = YES;
				CLANG_WARN_BOOL_CONVERSION = YES;
				CLANG_WARN_COMMA = YES;
				CLANG_WARN_CONSTANT_CONVERSION = YES;
				CLANG_WARN_DEPRECATED_OBJC_IMPLEMENTATIONS = YES;
				CLANG_WARN_DIRECT_OBJC_ISA_USAGE = YES_ERROR;
				CLANG_WARN_DOCUMENTATION_COMMENTS = YES;
				CLANG_WARN_EMPTY_BODY = YES;
				CLANG_WARN_ENUM_CONVERSION = YES;
				CLANG_WARN_INFINITE_RECURSION = YES;
				CLANG_WARN_INT_CONVERSION = YES;
				CLANG_WARN_NON_LITERAL_NULL_CONVERSION = YES;
				CLANG_WARN_OBJC_IMPLICIT_RETAIN_SELF = YES;
				CLANG_WARN_OBJC_LITERAL_CONVERSION = YES;
				CLANG_WARN_OBJC_ROOT_CLASS = YES_ERROR;
				CLANG_WARN_QUOTED_INCLUDE_IN_FRAMEWORK_HEADER = YES;
				CLANG_WARN_RANGE_LOOP_ANALYSIS = YES;
				CLANG_WARN_STRICT_PROTOTYPES = YES;
				CLANG_WARN_SUSPICIOUS_MOVE = YES;
				CLANG_WARN_UNGUARDED_AVAILABILITY = YES_AGGRESSIVE;
				CLANG_WARN_UNREACHABLE_CODE = YES;
				CLANG_WARN__DUPLICATE_METHOD_MATCH = YES;
				COPY_PHASE_STRIP = NO;
				DEBUG_INFORMATION_FORMAT = dwarf;
				ENABLE_STRICT_OBJC_MSGSEND = YES;
				ENABLE_TESTABILITY = YES;
				GCC_C_LANGUAGE_STANDARD = gnu11;
				GCC_DYNAMIC_NO_PIC = NO;
				GCC_NO_COMMON_BLOCKS = YES;
				GCC_OPTIMIZATION_LEVEL = 0;
				GCC_PREPROCESSOR_DEFINITIONS = (
					"DEBUG=1",
					"$(inherited)",
				);
				GCC_WARN_64_TO_32_BIT_CONVERSION = YES;
				GCC_WARN_ABOUT_RETURN_TYPE = YES_ERROR;
				GCC_WARN_UNDECLARED_SELECTOR = YES;
				GCC_WARN_UNINITIALIZED_AUTOS = YES_AGGRESSIVE;
				GCC_WARN_UNUSED_FUNCTION = YES;
				GCC_WARN_UNUSED_VARIABLE = YES;
				IPHONEOS_DEPLOYMENT_TARGET = 14.5;
				MTL_ENABLE_DEBUG_INFO = INCLUDE_SOURCE;
				MTL_FAST_MATH = YES;
				ONLY_ACTIVE_ARCH = YES;
				SDKROOT = iphoneos;
				SWIFT_ACTIVE_COMPILATION_CONDITIONS = DEBUG;
				SWIFT_OPTIMIZATION_LEVEL = "-Onone";
			};
			name = Debug;
		};
		61E5517F265BC883006CD65E /* Release */ = {
			isa = XCBuildConfiguration;
			buildSettings = {
				ALWAYS_SEARCH_USER_PATHS = NO;
				CLANG_ANALYZER_NONNULL = YES;
				CLANG_ANALYZER_NUMBER_OBJECT_CONVERSION = YES_AGGRESSIVE;
				CLANG_CXX_LANGUAGE_STANDARD = "gnu++14";
				CLANG_CXX_LIBRARY = "libc++";
				CLANG_ENABLE_MODULES = YES;
				CLANG_ENABLE_OBJC_ARC = YES;
				CLANG_ENABLE_OBJC_WEAK = YES;
				CLANG_WARN_BLOCK_CAPTURE_AUTORELEASING = YES;
				CLANG_WARN_BOOL_CONVERSION = YES;
				CLANG_WARN_COMMA = YES;
				CLANG_WARN_CONSTANT_CONVERSION = YES;
				CLANG_WARN_DEPRECATED_OBJC_IMPLEMENTATIONS = YES;
				CLANG_WARN_DIRECT_OBJC_ISA_USAGE = YES_ERROR;
				CLANG_WARN_DOCUMENTATION_COMMENTS = YES;
				CLANG_WARN_EMPTY_BODY = YES;
				CLANG_WARN_ENUM_CONVERSION = YES;
				CLANG_WARN_INFINITE_RECURSION = YES;
				CLANG_WARN_INT_CONVERSION = YES;
				CLANG_WARN_NON_LITERAL_NULL_CONVERSION = YES;
				CLANG_WARN_OBJC_IMPLICIT_RETAIN_SELF = YES;
				CLANG_WARN_OBJC_LITERAL_CONVERSION = YES;
				CLANG_WARN_OBJC_ROOT_CLASS = YES_ERROR;
				CLANG_WARN_QUOTED_INCLUDE_IN_FRAMEWORK_HEADER = YES;
				CLANG_WARN_RANGE_LOOP_ANALYSIS = YES;
				CLANG_WARN_STRICT_PROTOTYPES = YES;
				CLANG_WARN_SUSPICIOUS_MOVE = YES;
				CLANG_WARN_UNGUARDED_AVAILABILITY = YES_AGGRESSIVE;
				CLANG_WARN_UNREACHABLE_CODE = YES;
				CLANG_WARN__DUPLICATE_METHOD_MATCH = YES;
				COPY_PHASE_STRIP = NO;
				DEBUG_INFORMATION_FORMAT = "dwarf-with-dsym";
				ENABLE_NS_ASSERTIONS = NO;
				ENABLE_STRICT_OBJC_MSGSEND = YES;
				GCC_C_LANGUAGE_STANDARD = gnu11;
				GCC_NO_COMMON_BLOCKS = YES;
				GCC_WARN_64_TO_32_BIT_CONVERSION = YES;
				GCC_WARN_ABOUT_RETURN_TYPE = YES_ERROR;
				GCC_WARN_UNDECLARED_SELECTOR = YES;
				GCC_WARN_UNINITIALIZED_AUTOS = YES_AGGRESSIVE;
				GCC_WARN_UNUSED_FUNCTION = YES;
				GCC_WARN_UNUSED_VARIABLE = YES;
				IPHONEOS_DEPLOYMENT_TARGET = 14.5;
				MTL_ENABLE_DEBUG_INFO = NO;
				MTL_FAST_MATH = YES;
				SDKROOT = iphoneos;
				SWIFT_COMPILATION_MODE = wholemodule;
				SWIFT_OPTIMIZATION_LEVEL = "-O";
				VALIDATE_PRODUCT = YES;
			};
			name = Release;
		};
		61E55181265BC883006CD65E /* Debug */ = {
			isa = XCBuildConfiguration;
			baseConfigurationReference = 4698A617E9932FE284A654D5 /* Pods-kcal.debug.xcconfig */;
			buildSettings = {
				ASSETCATALOG_COMPILER_APPICON_NAME = AppIcon;
				ASSETCATALOG_COMPILER_GLOBAL_ACCENT_COLOR_NAME = AccentColor;
				CODE_SIGN_STYLE = Automatic;
				DEVELOPMENT_ASSET_PATHS = "\"kcal/Preview Content\"";
				ENABLE_PREVIEWS = YES;
				INFOPLIST_FILE = kcal/Info.plist;
				IPHONEOS_DEPLOYMENT_TARGET = 14.0;
				LD_RUNPATH_SEARCH_PATHS = (
					"$(inherited)",
					"@executable_path/Frameworks",
				);
				PRODUCT_BUNDLE_IDENTIFIER = dev.studiocloud.kcal;
				PRODUCT_NAME = "$(TARGET_NAME)";
				SWIFT_VERSION = 5.0;
				TARGETED_DEVICE_FAMILY = "1,2";
			};
			name = Debug;
		};
		61E55182265BC883006CD65E /* Release */ = {
			isa = XCBuildConfiguration;
			baseConfigurationReference = 7169007A1F371264396D9CBC /* Pods-kcal.release.xcconfig */;
			buildSettings = {
				ASSETCATALOG_COMPILER_APPICON_NAME = AppIcon;
				ASSETCATALOG_COMPILER_GLOBAL_ACCENT_COLOR_NAME = AccentColor;
				CODE_SIGN_STYLE = Automatic;
				DEVELOPMENT_ASSET_PATHS = "\"kcal/Preview Content\"";
				ENABLE_PREVIEWS = YES;
				INFOPLIST_FILE = kcal/Info.plist;
				IPHONEOS_DEPLOYMENT_TARGET = 14.0;
				LD_RUNPATH_SEARCH_PATHS = (
					"$(inherited)",
					"@executable_path/Frameworks",
				);
				PRODUCT_BUNDLE_IDENTIFIER = dev.studiocloud.kcal;
				PRODUCT_NAME = "$(TARGET_NAME)";
				SWIFT_VERSION = 5.0;
				TARGETED_DEVICE_FAMILY = "1,2";
			};
			name = Release;
		};
		61E55184265BC883006CD65E /* Debug */ = {
			isa = XCBuildConfiguration;
			baseConfigurationReference = 92166620C577EBED85EAC191 /* Pods-kcalTests.debug.xcconfig */;
			buildSettings = {
				ALWAYS_EMBED_SWIFT_STANDARD_LIBRARIES = YES;
				BUNDLE_LOADER = "$(TEST_HOST)";
				CODE_SIGN_STYLE = Automatic;
				INFOPLIST_FILE = kcalTests/Info.plist;
				IPHONEOS_DEPLOYMENT_TARGET = 14.0;
				LD_RUNPATH_SEARCH_PATHS = (
					"$(inherited)",
					"@executable_path/Frameworks",
					"@loader_path/Frameworks",
				);
				PRODUCT_BUNDLE_IDENTIFIER = dev.studiocloud.kcalTests;
				PRODUCT_NAME = "$(TARGET_NAME)";
				SWIFT_VERSION = 5.0;
				TARGETED_DEVICE_FAMILY = "1,2";
				TEST_HOST = "$(BUILT_PRODUCTS_DIR)/kcal.app/kcal";
			};
			name = Debug;
		};
		61E55185265BC883006CD65E /* Release */ = {
			isa = XCBuildConfiguration;
			baseConfigurationReference = 29D2832918AA864614B40697 /* Pods-kcalTests.release.xcconfig */;
			buildSettings = {
				ALWAYS_EMBED_SWIFT_STANDARD_LIBRARIES = YES;
				BUNDLE_LOADER = "$(TEST_HOST)";
				CODE_SIGN_STYLE = Automatic;
				INFOPLIST_FILE = kcalTests/Info.plist;
				IPHONEOS_DEPLOYMENT_TARGET = 14.0;
				LD_RUNPATH_SEARCH_PATHS = (
					"$(inherited)",
					"@executable_path/Frameworks",
					"@loader_path/Frameworks",
				);
				PRODUCT_BUNDLE_IDENTIFIER = dev.studiocloud.kcalTests;
				PRODUCT_NAME = "$(TARGET_NAME)";
				SWIFT_VERSION = 5.0;
				TARGETED_DEVICE_FAMILY = "1,2";
				TEST_HOST = "$(BUILT_PRODUCTS_DIR)/kcal.app/kcal";
			};
			name = Release;
		};
		61E55187265BC883006CD65E /* Debug */ = {
			isa = XCBuildConfiguration;
			baseConfigurationReference = 3FB305295869EEC0508AF7AF /* Pods-kcal-kcalUITests.debug.xcconfig */;
			buildSettings = {
				ALWAYS_EMBED_SWIFT_STANDARD_LIBRARIES = YES;
				CODE_SIGN_STYLE = Automatic;
				INFOPLIST_FILE = kcalUITests/Info.plist;
				LD_RUNPATH_SEARCH_PATHS = (
					"$(inherited)",
					"@executable_path/Frameworks",
					"@loader_path/Frameworks",
				);
				PRODUCT_BUNDLE_IDENTIFIER = dev.studiocloud.kcalUITests;
				PRODUCT_NAME = "$(TARGET_NAME)";
				SWIFT_VERSION = 5.0;
				TARGETED_DEVICE_FAMILY = "1,2";
				TEST_TARGET_NAME = kcal;
			};
			name = Debug;
		};
		61E55188265BC883006CD65E /* Release */ = {
			isa = XCBuildConfiguration;
			baseConfigurationReference = 8AB2AD8F1CF3F31AF1F5032C /* Pods-kcal-kcalUITests.release.xcconfig */;
			buildSettings = {
				ALWAYS_EMBED_SWIFT_STANDARD_LIBRARIES = YES;
				CODE_SIGN_STYLE = Automatic;
				INFOPLIST_FILE = kcalUITests/Info.plist;
				LD_RUNPATH_SEARCH_PATHS = (
					"$(inherited)",
					"@executable_path/Frameworks",
					"@loader_path/Frameworks",
				);
				PRODUCT_BUNDLE_IDENTIFIER = dev.studiocloud.kcalUITests;
				PRODUCT_NAME = "$(TARGET_NAME)";
				SWIFT_VERSION = 5.0;
				TARGETED_DEVICE_FAMILY = "1,2";
				TEST_TARGET_NAME = kcal;
			};
			name = Release;
		};
/* End XCBuildConfiguration section */

/* Begin XCConfigurationList section */
		61E55156265BC882006CD65E /* Build configuration list for PBXProject "kcal" */ = {
			isa = XCConfigurationList;
			buildConfigurations = (
				61E5517E265BC883006CD65E /* Debug */,
				61E5517F265BC883006CD65E /* Release */,
			);
			defaultConfigurationIsVisible = 0;
			defaultConfigurationName = Release;
		};
		61E55180265BC883006CD65E /* Build configuration list for PBXNativeTarget "kcal" */ = {
			isa = XCConfigurationList;
			buildConfigurations = (
				61E55181265BC883006CD65E /* Debug */,
				61E55182265BC883006CD65E /* Release */,
			);
			defaultConfigurationIsVisible = 0;
			defaultConfigurationName = Release;
		};
		61E55183265BC883006CD65E /* Build configuration list for PBXNativeTarget "kcalTests" */ = {
			isa = XCConfigurationList;
			buildConfigurations = (
				61E55184265BC883006CD65E /* Debug */,
				61E55185265BC883006CD65E /* Release */,
			);
			defaultConfigurationIsVisible = 0;
			defaultConfigurationName = Release;
		};
		61E55186265BC883006CD65E /* Build configuration list for PBXNativeTarget "kcalUITests" */ = {
			isa = XCConfigurationList;
			buildConfigurations = (
				61E55187265BC883006CD65E /* Debug */,
				61E55188265BC883006CD65E /* Release */,
			);
			defaultConfigurationIsVisible = 0;
			defaultConfigurationName = Release;
		};
/* End XCConfigurationList section */
	};
	rootObject = 61E55153265BC882006CD65E /* Project object */;
}
